# This file was autogenerated by Stack.
# You should not edit this file by hand.
# For more information, please see the documentation at:
#   https://docs.haskellstack.org/en/stable/lock_files

packages:
- completed:
    hackage: rest-rewrite-0.4.1@sha256:1254960c0a595cf4c9d5a3b986f42644407c63c74578d75b3568a6a12e5143f0,3886
    pantry-tree:
      sha256: 17b4e99420cc1929e2b7d29558a0f909d6fcabd263fbc590dbf2585f893f5a6e
      size: 4018
  original:
    hackage: rest-rewrite-0.4.1
- completed:
    hackage: smtlib-backends-0.3@sha256:917d88540a9ede7beedbe2ed13b492acddbce394d30ccf5d0ef4f4fba9aa2c12,1157
    pantry-tree:
      sha256: 59b578ae7df155a6c73a513358370747e3cc6229ebb44adaba9e0935f811539c
      size: 275
  original:
    hackage: smtlib-backends-0.3
- completed:
    hackage: smtlib-backends-process-0.3@sha256:d4d7d02859383e0a43db2d8ce7ef01deffe1bcd356b2ff8626925c3a1c8db922,1600
    pantry-tree:
      sha256: d7d8ec52d07f4a59614000fd93d77b109d085d58f2d96e2c4b972f541c4e8287
      size: 461
  original:
    hackage: smtlib-backends-process-0.3
- completed:
    commit: d2351b08b6d3b881a5218b66623cadbb480ebb7e
    git: https://github.com/ucsd-progsys/liquidhaskell
    name: liquidhaskell
    pantry-tree:
      sha256: 9f522ba57dc120a4d0dfa45ac2ab7974ee7d64c748d29bccc808ec76816b9ba4
      size: 292939
    subdir: .
    version: 0.9.2.8.0
  original:
    commit: d2351b08b6d3b881a5218b66623cadbb480ebb7e
    git: https://github.com/ucsd-progsys/liquidhaskell
    subdir: .
- completed:
    commit: d2351b08b6d3b881a5218b66623cadbb480ebb7e
    git: https://github.com/ucsd-progsys/liquidhaskell
    name: liquidhaskell-boot
    pantry-tree:
      sha256: 6c7b065dc8068c5797970d1cd03a70f6158c1142e86b5fef6e55d6812826f5af
      size: 8533
    subdir: liquidhaskell-boot
    version: 0.9.2.8.0
  original:
    commit: d2351b08b6d3b881a5218b66623cadbb480ebb7e
    git: https://github.com/ucsd-progsys/liquidhaskell
    subdir: liquidhaskell-boot
- completed:
    commit: d2351b08b6d3b881a5218b66623cadbb480ebb7e
    git: https://github.com/ucsd-progsys/liquidhaskell
    name: liquid-vector
    pantry-tree:
      sha256: 5a12e4c4818b9138bf2bbbdb7ebea7f4f581839d635ad95a5ff8a3e4b0d13124
      size: 231
    subdir: liquid-vector
    version: 0.13.1.0
  original:
    commit: d2351b08b6d3b881a5218b66623cadbb480ebb7e
    git: https://github.com/ucsd-progsys/liquidhaskell
    subdir: liquid-vector
- completed:
    commit: d2351b08b6d3b881a5218b66623cadbb480ebb7e
    git: https://github.com/ucsd-progsys/liquidhaskell
    name: liquid-prelude
    pantry-tree:
      sha256: 57c18638690a40cd26b0e4a5acfc4c086dac6b84cd542b8afce2aac5a551a08e
      size: 882
    subdir: liquid-prelude
    version: 0.9.2.8
  original:
    commit: d2351b08b6d3b881a5218b66623cadbb480ebb7e
    git: https://github.com/ucsd-progsys/liquidhaskell
    subdir: liquid-prelude
- completed:
    commit: c253dc1932f06ed64fcc62d356f30256abaf83cd
    git: https://github.com/ucsd-progsys/liquid-fixpoint
    name: liquid-fixpoint
    pantry-tree:
      sha256: a12eccaeaf4fa10069d290c396d0e62103811b12b96df4397eae43ce67d22304
      size: 23599
    version: 0.9.2.5
  original:
    commit: c253dc1932f06ed64fcc62d356f30256abaf83cd
    git: https://github.com/ucsd-progsys/liquid-fixpoint
snapshots:
- completed:
    sha256: 8017c7970c2a8a9510c60cc70ac245d59e0c34eb932b91d37af09fe59855d854
    size: 640038
    url: https://raw.githubusercontent.com/commercialhaskell/stackage-snapshots/master/lts/21/13.yaml
  original: lts-21.13
